
Microsoft Visual Studio Solution File, Format Version 12.00
# Visual Studio 15
VisualStudioVersion = 15.0.27130.2003
MinimumVisualStudioVersion = 10.0.40219.1
Project("{2150E333-8FDC-42A3-9474-1A3956D46DE8}") = "root", "root", "{7BE4610A-7720-429F-830D-8554DF3C638B}"
EndProject
Project("{A0786B88-2ADB-4C21-ABE8-AA2D79766269}") = "Board", "Board\Board.phpproj", "{1516B129-EC6C-4570-8448-FD72DAA389ED}"
EndProject
Global
	GlobalSection(SolutionConfigurationPlatforms) = preSolution
		Debug|Any CPU = Debug|Any CPU
		Release|Any CPU = Release|Any CPU
	EndGlobalSection
	GlobalSection(ProjectConfigurationPlatforms) = postSolution
		{1516B129-EC6C-4570-8448-FD72DAA389ED}.Debug|Any CPU.ActiveCfg = Debug|Any CPU
		{1516B129-EC6C-4570-8448-FD72DAA389ED}.Release|Any CPU.ActiveCfg = Release|Any CPU
	EndGlobalSection
	GlobalSection(SolutionProperties) = preSolution
		HideSolutionNode = FALSE
	EndGlobalSection
	GlobalSection(ExtensibilityGlobals) = postSolution
		SolutionGuid = {0029FACF-6338-4B3B-B02C-105F3CFA475C}
	EndGlobalSection
EndGlobal
